// !$*UTF8*$!
{
	archiveVersion = 1;
	classes = {
	};
	objectVersion = 48;
	objects = {

/* Begin PBXBuildFile section */
		1AC0E27A196850FE11DDA5C8 /* Pods_flix.framework in Frameworks */ = {isa = PBXBuildFile; fileRef = 93E5AC1356AC74DA15C93202 /* Pods_flix.framework */; };
		349D93B8E26B6AA2AACF9965 /* Pods_flixTests.framework in Frameworks */ = {isa = PBXBuildFile; fileRef = 1C2043029D0095942671BCBA /* Pods_flixTests.framework */; };
		4444CF8E203247B300DEAD7E /* PosterCell.swift in Sources */ = {isa = PBXBuildFile; fileRef = 4444CF8D203247B300DEAD7E /* PosterCell.swift */; };
		4444CF902032487600DEAD7E /* SuperheroViewController.swift in Sources */ = {isa = PBXBuildFile; fileRef = 4444CF8F2032487600DEAD7E /* SuperheroViewController.swift */; };
		4444CF922032698300DEAD7E /* PosterDetailViewController.swift in Sources */ = {isa = PBXBuildFile; fileRef = 4444CF912032698300DEAD7E /* PosterDetailViewController.swift */; };
		447721F72026EF7400780947 /* AppDelegate.swift in Sources */ = {isa = PBXBuildFile; fileRef = 447721F62026EF7400780947 /* AppDelegate.swift */; };
		447721FC2026EF7400780947 /* Main.storyboard in Resources */ = {isa = PBXBuildFile; fileRef = 447721FA2026EF7400780947 /* Main.storyboard */; };
		447721FE2026EF7400780947 /* Assets.xcassets in Resources */ = {isa = PBXBuildFile; fileRef = 447721FD2026EF7400780947 /* Assets.xcassets */; };
		447722012026EF7400780947 /* LaunchScreen.storyboard in Resources */ = {isa = PBXBuildFile; fileRef = 447721FF2026EF7400780947 /* LaunchScreen.storyboard */; };
		4477220C2026EF7400780947 /* flixTests.swift in Sources */ = {isa = PBXBuildFile; fileRef = 4477220B2026EF7400780947 /* flixTests.swift */; };
		447722172026EF7400780947 /* flixUITests.swift in Sources */ = {isa = PBXBuildFile; fileRef = 447722162026EF7400780947 /* flixUITests.swift */; };
		447722252026F76A00780947 /* NowPlayingViewController.swift in Sources */ = {isa = PBXBuildFile; fileRef = 447722242026F76A00780947 /* NowPlayingViewController.swift */; };
		4477222720270F3400780947 /* MovieCell.swift in Sources */ = {isa = PBXBuildFile; fileRef = 4477222620270F3400780947 /* MovieCell.swift */; };
		44F588DC202A89500046EA80 /* DetailViewController.swift in Sources */ = {isa = PBXBuildFile; fileRef = 44F588DB202A89500046EA80 /* DetailViewController.swift */; };
		935BFD7227D2F2B8AA0A0AD9 /* Pods_flixUITests.framework in Frameworks */ = {isa = PBXBuildFile; fileRef = C20E23C5E8EE1EADACC9622B /* Pods_flixUITests.framework */; };
		FFF128162047B9BD004FFC28 /* Movie.swift in Sources */ = {isa = PBXBuildFile; fileRef = FFF128152047B9BD004FFC28 /* Movie.swift */; };
		FFF128182047C24C004FFC28 /* MovieApiManager.swift in Sources */ = {isa = PBXBuildFile; fileRef = FFF128172047C24C004FFC28 /* MovieApiManager.swift */; };
/* End PBXBuildFile section */

/* Begin PBXContainerItemProxy section */
		447722082026EF7400780947 /* PBXContainerItemProxy */ = {
			isa = PBXContainerItemProxy;
			containerPortal = 447721EB2026EF7300780947 /* Project object */;
			proxyType = 1;
			remoteGlobalIDString = 447721F22026EF7400780947;
			remoteInfo = flix;
		};
		447722132026EF7400780947 /* PBXContainerItemProxy */ = {
			isa = PBXContainerItemProxy;
			containerPortal = 447721EB2026EF7300780947 /* Project object */;
			proxyType = 1;
			remoteGlobalIDString = 447721F22026EF7400780947;
			remoteInfo = flix;
		};
/* End PBXContainerItemProxy section */

/* Begin PBXFileReference section */
		1C2043029D0095942671BCBA /* Pods_flixTests.framework */ = {isa = PBXFileReference; explicitFileType = wrapper.framework; includeInIndex = 0; path = Pods_flixTests.framework; sourceTree = BUILT_PRODUCTS_DIR; };
		202425FE70C0A25218EC1A0F /* Pods-flixTests.release.xcconfig */ = {isa = PBXFileReference; includeInIndex = 1; lastKnownFileType = text.xcconfig; name = "Pods-flixTests.release.xcconfig"; path = "Pods/Target Support Files/Pods-flixTests/Pods-flixTests.release.xcconfig"; sourceTree = "<group>"; };
		3C96CB96BDCFB7FE379A9937 /* Pods-flix.release.xcconfig */ = {isa = PBXFileReference; includeInIndex = 1; lastKnownFileType = text.xcconfig; name = "Pods-flix.release.xcconfig"; path = "Pods/Target Support Files/Pods-flix/Pods-flix.release.xcconfig"; sourceTree = "<group>"; };
		3D202B222AF7D1E9134D4EF5 /* Pods-flixTests.debug.xcconfig */ = {isa = PBXFileReference; includeInIndex = 1; lastKnownFileType = text.xcconfig; name = "Pods-flixTests.debug.xcconfig"; path = "Pods/Target Support Files/Pods-flixTests/Pods-flixTests.debug.xcconfig"; sourceTree = "<group>"; };
		4444CF8D203247B300DEAD7E /* PosterCell.swift */ = {isa = PBXFileReference; lastKnownFileType = sourcecode.swift; path = PosterCell.swift; sourceTree = "<group>"; };
		4444CF8F2032487600DEAD7E /* SuperheroViewController.swift */ = {isa = PBXFileReference; lastKnownFileType = sourcecode.swift; path = SuperheroViewController.swift; sourceTree = "<group>"; };
		4444CF912032698300DEAD7E /* PosterDetailViewController.swift */ = {isa = PBXFileReference; lastKnownFileType = sourcecode.swift; path = PosterDetailViewController.swift; sourceTree = "<group>"; };
		447721F32026EF7400780947 /* flix.app */ = {isa = PBXFileReference; explicitFileType = wrapper.application; includeInIndex = 0; path = flix.app; sourceTree = BUILT_PRODUCTS_DIR; };
		447721F62026EF7400780947 /* AppDelegate.swift */ = {isa = PBXFileReference; lastKnownFileType = sourcecode.swift; path = AppDelegate.swift; sourceTree = "<group>"; };
		447721FB2026EF7400780947 /* Base */ = {isa = PBXFileReference; lastKnownFileType = file.storyboard; name = Base; path = Base.lproj/Main.storyboard; sourceTree = "<group>"; };
		447721FD2026EF7400780947 /* Assets.xcassets */ = {isa = PBXFileReference; lastKnownFileType = folder.assetcatalog; path = Assets.xcassets; sourceTree = "<group>"; };
		447722002026EF7400780947 /* Base */ = {isa = PBXFileReference; lastKnownFileType = file.storyboard; name = Base; path = Base.lproj/LaunchScreen.storyboard; sourceTree = "<group>"; };
		447722022026EF7400780947 /* Info.plist */ = {isa = PBXFileReference; lastKnownFileType = text.plist.xml; path = Info.plist; sourceTree = "<group>"; };
		447722072026EF7400780947 /* flixTests.xctest */ = {isa = PBXFileReference; explicitFileType = wrapper.cfbundle; includeInIndex = 0; path = flixTests.xctest; sourceTree = BUILT_PRODUCTS_DIR; };
		4477220B2026EF7400780947 /* flixTests.swift */ = {isa = PBXFileReference; lastKnownFileType = sourcecode.swift; path = flixTests.swift; sourceTree = "<group>"; };
		4477220D2026EF7400780947 /* Info.plist */ = {isa = PBXFileReference; lastKnownFileType = text.plist.xml; path = Info.plist; sourceTree = "<group>"; };
		447722122026EF7400780947 /* flixUITests.xctest */ = {isa = PBXFileReference; explicitFileType = wrapper.cfbundle; includeInIndex = 0; path = flixUITests.xctest; sourceTree = BUILT_PRODUCTS_DIR; };
		447722162026EF7400780947 /* flixUITests.swift */ = {isa = PBXFileReference; lastKnownFileType = sourcecode.swift; path = flixUITests.swift; sourceTree = "<group>"; };
		447722182026EF7400780947 /* Info.plist */ = {isa = PBXFileReference; lastKnownFileType = text.plist.xml; path = Info.plist; sourceTree = "<group>"; };
		447722242026F76A00780947 /* NowPlayingViewController.swift */ = {isa = PBXFileReference; lastKnownFileType = sourcecode.swift; path = NowPlayingViewController.swift; sourceTree = "<group>"; };
		4477222620270F3400780947 /* MovieCell.swift */ = {isa = PBXFileReference; lastKnownFileType = sourcecode.swift; path = MovieCell.swift; sourceTree = "<group>"; };
		44F588DB202A89500046EA80 /* DetailViewController.swift */ = {isa = PBXFileReference; lastKnownFileType = sourcecode.swift; path = DetailViewController.swift; sourceTree = "<group>"; };
		4F47180F7C8C75DA341DA5D9 /* Pods-flixUITests.debug.xcconfig */ = {isa = PBXFileReference; includeInIndex = 1; lastKnownFileType = text.xcconfig; name = "Pods-flixUITests.debug.xcconfig"; path = "Pods/Target Support Files/Pods-flixUITests/Pods-flixUITests.debug.xcconfig"; sourceTree = "<group>"; };
		93E5AC1356AC74DA15C93202 /* Pods_flix.framework */ = {isa = PBXFileReference; explicitFileType = wrapper.framework; includeInIndex = 0; path = Pods_flix.framework; sourceTree = BUILT_PRODUCTS_DIR; };
		C20E23C5E8EE1EADACC9622B /* Pods_flixUITests.framework */ = {isa = PBXFileReference; explicitFileType = wrapper.framework; includeInIndex = 0; path = Pods_flixUITests.framework; sourceTree = BUILT_PRODUCTS_DIR; };
		C873E232907094F01675B6E9 /* Pods-flixUITests.release.xcconfig */ = {isa = PBXFileReference; includeInIndex = 1; lastKnownFileType = text.xcconfig; name = "Pods-flixUITests.release.xcconfig"; path = "Pods/Target Support Files/Pods-flixUITests/Pods-flixUITests.release.xcconfig"; sourceTree = "<group>"; };
		EE8E8C4E704334BF38ED31B5 /* Pods-flix.debug.xcconfig */ = {isa = PBXFileReference; includeInIndex = 1; lastKnownFileType = text.xcconfig; name = "Pods-flix.debug.xcconfig"; path = "Pods/Target Support Files/Pods-flix/Pods-flix.debug.xcconfig"; sourceTree = "<group>"; };
		FFF128152047B9BD004FFC28 /* Movie.swift */ = {isa = PBXFileReference; lastKnownFileType = sourcecode.swift; path = Movie.swift; sourceTree = "<group>"; };
		FFF128172047C24C004FFC28 /* MovieApiManager.swift */ = {isa = PBXFileReference; lastKnownFileType = sourcecode.swift; path = MovieApiManager.swift; sourceTree = "<group>"; };
/* End PBXFileReference section */

/* Begin PBXFrameworksBuildPhase section */
		447721F02026EF7400780947 /* Frameworks */ = {
			isa = PBXFrameworksBuildPhase;
			buildActionMask = 2147483647;
			files = (
				1AC0E27A196850FE11DDA5C8 /* Pods_flix.framework in Frameworks */,
			);
			runOnlyForDeploymentPostprocessing = 0;
		};
		447722042026EF7400780947 /* Frameworks */ = {
			isa = PBXFrameworksBuildPhase;
			buildActionMask = 2147483647;
			files = (
				349D93B8E26B6AA2AACF9965 /* Pods_flixTests.framework in Frameworks */,
			);
			runOnlyForDeploymentPostprocessing = 0;
		};
		4477220F2026EF7400780947 /* Frameworks */ = {
			isa = PBXFrameworksBuildPhase;
			buildActionMask = 2147483647;
			files = (
				935BFD7227D2F2B8AA0A0AD9 /* Pods_flixUITests.framework in Frameworks */,
			);
			runOnlyForDeploymentPostprocessing = 0;
		};
/* End PBXFrameworksBuildPhase section */

/* Begin PBXGroup section */
		447721EA2026EF7300780947 = {
			isa = PBXGroup;
			children = (
				447721F52026EF7400780947 /* flix */,
				4477220A2026EF7400780947 /* flixTests */,
				447722152026EF7400780947 /* flixUITests */,
				447721F42026EF7400780947 /* Products */,
				A0B5BFD56CF811CFBBED0527 /* Pods */,
				585E8A2907F3429A9D6F81D0 /* Frameworks */,
			);
			sourceTree = "<group>";
		};
		447721F42026EF7400780947 /* Products */ = {
			isa = PBXGroup;
			children = (
				447721F32026EF7400780947 /* flix.app */,
				447722072026EF7400780947 /* flixTests.xctest */,
				447722122026EF7400780947 /* flixUITests.xctest */,
			);
			name = Products;
			sourceTree = "<group>";
		};
		447721F52026EF7400780947 /* flix */ = {
			isa = PBXGroup;
			children = (
				FFF128152047B9BD004FFC28 /* Movie.swift */,
				FFF128172047C24C004FFC28 /* MovieApiManager.swift */,
				44F588DA202A88D40046EA80 /* Views */,
				44F588D9202A88AB0046EA80 /* ViewControllers */,
				447721F62026EF7400780947 /* AppDelegate.swift */,
				447721FA2026EF7400780947 /* Main.storyboard */,
				447721FD2026EF7400780947 /* Assets.xcassets */,
				447721FF2026EF7400780947 /* LaunchScreen.storyboard */,
				447722022026EF7400780947 /* Info.plist */,
			);
			path = flix;
			sourceTree = "<group>";
		};
		4477220A2026EF7400780947 /* flixTests */ = {
			isa = PBXGroup;
			children = (
				4477220B2026EF7400780947 /* flixTests.swift */,
				4477220D2026EF7400780947 /* Info.plist */,
			);
			path = flixTests;
			sourceTree = "<group>";
		};
		447722152026EF7400780947 /* flixUITests */ = {
			isa = PBXGroup;
			children = (
				447722162026EF7400780947 /* flixUITests.swift */,
				447722182026EF7400780947 /* Info.plist */,
			);
			path = flixUITests;
			sourceTree = "<group>";
		};
		44F588D9202A88AB0046EA80 /* ViewControllers */ = {
			isa = PBXGroup;
			children = (
				447722242026F76A00780947 /* NowPlayingViewController.swift */,
				44F588DB202A89500046EA80 /* DetailViewController.swift */,
				4444CF8F2032487600DEAD7E /* SuperheroViewController.swift */,
				4444CF912032698300DEAD7E /* PosterDetailViewController.swift */,
			);
			path = ViewControllers;
			sourceTree = "<group>";
		};
		44F588DA202A88D40046EA80 /* Views */ = {
			isa = PBXGroup;
			children = (
				4477222620270F3400780947 /* MovieCell.swift */,
				4444CF8D203247B300DEAD7E /* PosterCell.swift */,
			);
			path = Views;
			sourceTree = "<group>";
		};
		585E8A2907F3429A9D6F81D0 /* Frameworks */ = {
			isa = PBXGroup;
			children = (
				93E5AC1356AC74DA15C93202 /* Pods_flix.framework */,
				1C2043029D0095942671BCBA /* Pods_flixTests.framework */,
				C20E23C5E8EE1EADACC9622B /* Pods_flixUITests.framework */,
			);
			name = Frameworks;
			sourceTree = "<group>";
		};
		A0B5BFD56CF811CFBBED0527 /* Pods */ = {
			isa = PBXGroup;
			children = (
				EE8E8C4E704334BF38ED31B5 /* Pods-flix.debug.xcconfig */,
				3C96CB96BDCFB7FE379A9937 /* Pods-flix.release.xcconfig */,
				3D202B222AF7D1E9134D4EF5 /* Pods-flixTests.debug.xcconfig */,
				202425FE70C0A25218EC1A0F /* Pods-flixTests.release.xcconfig */,
				4F47180F7C8C75DA341DA5D9 /* Pods-flixUITests.debug.xcconfig */,
				C873E232907094F01675B6E9 /* Pods-flixUITests.release.xcconfig */,
			);
			name = Pods;
			sourceTree = "<group>";
		};
/* End PBXGroup section */

/* Begin PBXNativeTarget section */
		447721F22026EF7400780947 /* flix */ = {
			isa = PBXNativeTarget;
			buildConfigurationList = 4477221B2026EF7400780947 /* Build configuration list for PBXNativeTarget "flix" */;
			buildPhases = (
				77EC4FC03B01876DCC270DC4 /* [CP] Check Pods Manifest.lock */,
				447721EF2026EF7400780947 /* Sources */,
				447721F02026EF7400780947 /* Frameworks */,
				447721F12026EF7400780947 /* Resources */,
				58A7ED289D8702FD4FB4CAAB /* [CP] Embed Pods Frameworks */,
				16237E2853188DF2DBAE3AA5 /* [CP] Copy Pods Resources */,
			);
			buildRules = (
			);
			dependencies = (
			);
			name = flix;
			productName = flix;
			productReference = 447721F32026EF7400780947 /* flix.app */;
			productType = "com.apple.product-type.application";
		};
		447722062026EF7400780947 /* flixTests */ = {
			isa = PBXNativeTarget;
			buildConfigurationList = 4477221E2026EF7400780947 /* Build configuration list for PBXNativeTarget "flixTests" */;
			buildPhases = (
				5819120680BAF100CB75FC6E /* [CP] Check Pods Manifest.lock */,
				447722032026EF7400780947 /* Sources */,
				447722042026EF7400780947 /* Frameworks */,
				447722052026EF7400780947 /* Resources */,
				1AEAB83F579105CD47EBDE04 /* [CP] Embed Pods Frameworks */,
				501C1A33576A6146AD5327A9 /* [CP] Copy Pods Resources */,
			);
			buildRules = (
			);
			dependencies = (
				447722092026EF7400780947 /* PBXTargetDependency */,
			);
			name = flixTests;
			productName = flixTests;
			productReference = 447722072026EF7400780947 /* flixTests.xctest */;
			productType = "com.apple.product-type.bundle.unit-test";
		};
		447722112026EF7400780947 /* flixUITests */ = {
			isa = PBXNativeTarget;
			buildConfigurationList = 447722212026EF7400780947 /* Build configuration list for PBXNativeTarget "flixUITests" */;
			buildPhases = (
				A8883A6524004233748A1136 /* [CP] Check Pods Manifest.lock */,
				4477220E2026EF7400780947 /* Sources */,
				4477220F2026EF7400780947 /* Frameworks */,
				447722102026EF7400780947 /* Resources */,
				D6D552B6EBDB60CEC99618A7 /* [CP] Embed Pods Frameworks */,
				7BFCFE9F8C50346BB2E6FBE4 /* [CP] Copy Pods Resources */,
			);
			buildRules = (
			);
			dependencies = (
				447722142026EF7400780947 /* PBXTargetDependency */,
			);
			name = flixUITests;
			productName = flixUITests;
			productReference = 447722122026EF7400780947 /* flixUITests.xctest */;
			productType = "com.apple.product-type.bundle.ui-testing";
		};
/* End PBXNativeTarget section */

/* Begin PBXProject section */
		447721EB2026EF7300780947 /* Project object */ = {
			isa = PBXProject;
			attributes = {
				LastSwiftUpdateCheck = 0920;
				LastUpgradeCheck = 0920;
				ORGANIZATIONNAME = "Jigyasaa Sood";
				TargetAttributes = {
					447721F22026EF7400780947 = {
						CreatedOnToolsVersion = 9.2;
						ProvisioningStyle = Automatic;
					};
					447722062026EF7400780947 = {
						CreatedOnToolsVersion = 9.2;
						ProvisioningStyle = Automatic;
						TestTargetID = 447721F22026EF7400780947;
					};
					447722112026EF7400780947 = {
						CreatedOnToolsVersion = 9.2;
						ProvisioningStyle = Automatic;
						TestTargetID = 447721F22026EF7400780947;
					};
				};
			};
			buildConfigurationList = 447721EE2026EF7300780947 /* Build configuration list for PBXProject "flix" */;
			compatibilityVersion = "Xcode 8.0";
			developmentRegion = en;
			hasScannedForEncodings = 0;
			knownRegions = (
				en,
				Base,
			);
			mainGroup = 447721EA2026EF7300780947;
			productRefGroup = 447721F42026EF7400780947 /* Products */;
			projectDirPath = "";
			projectRoot = "";
			targets = (
				447721F22026EF7400780947 /* flix */,
				447722062026EF7400780947 /* flixTests */,
				447722112026EF7400780947 /* flixUITests */,
			);
		};
/* End PBXProject section */

/* Begin PBXResourcesBuildPhase section */
		447721F12026EF7400780947 /* Resources */ = {
			isa = PBXResourcesBuildPhase;
			buildActionMask = 2147483647;
			files = (
				447722012026EF7400780947 /* LaunchScreen.storyboard in Resources */,
				447721FE2026EF7400780947 /* Assets.xcassets in Resources */,
				447721FC2026EF7400780947 /* Main.storyboard in Resources */,
			);
			runOnlyForDeploymentPostprocessing = 0;
		};
		447722052026EF7400780947 /* Resources */ = {
			isa = PBXResourcesBuildPhase;
			buildActionMask = 2147483647;
			files = (
			);
			runOnlyForDeploymentPostprocessing = 0;
		};
		447722102026EF7400780947 /* Resources */ = {
			isa = PBXResourcesBuildPhase;
			buildActionMask = 2147483647;
			files = (
			);
			runOnlyForDeploymentPostprocessing = 0;
		};
/* End PBXResourcesBuildPhase section */

/* Begin PBXShellScriptBuildPhase section */
		16237E2853188DF2DBAE3AA5 /* [CP] Copy Pods Resources */ = {
			isa = PBXShellScriptBuildPhase;
			buildActionMask = 2147483647;
			files = (
			);
			inputPaths = (
			);
			name = "[CP] Copy Pods Resources";
			outputPaths = (
			);
			runOnlyForDeploymentPostprocessing = 0;
			shellPath = /bin/sh;
			shellScript = "\"${SRCROOT}/Pods/Target Support Files/Pods-flix/Pods-flix-resources.sh\"\n";
			showEnvVarsInLog = 0;
		};
		1AEAB83F579105CD47EBDE04 /* [CP] Embed Pods Frameworks */ = {
			isa = PBXShellScriptBuildPhase;
			buildActionMask = 2147483647;
			files = (
			);
			inputPaths = (
			);
			name = "[CP] Embed Pods Frameworks";
			outputPaths = (
			);
			runOnlyForDeploymentPostprocessing = 0;
			shellPath = /bin/sh;
			shellScript = "\"${SRCROOT}/Pods/Target Support Files/Pods-flixTests/Pods-flixTests-frameworks.sh\"\n";
			showEnvVarsInLog = 0;
		};
		501C1A33576A6146AD5327A9 /* [CP] Copy Pods Resources */ = {
			isa = PBXShellScriptBuildPhase;
			buildActionMask = 2147483647;
			files = (
			);
			inputPaths = (
			);
			name = "[CP] Copy Pods Resources";
			outputPaths = (
			);
			runOnlyForDeploymentPostprocessing = 0;
			shellPath = /bin/sh;
			shellScript = "\"${SRCROOT}/Pods/Target Support Files/Pods-flixTests/Pods-flixTests-resources.sh\"\n";
			showEnvVarsInLog = 0;
		};
		5819120680BAF100CB75FC6E /* [CP] Check Pods Manifest.lock */ = {
			isa = PBXShellScriptBuildPhase;
			buildActionMask = 2147483647;
			files = (
			);
			inputPaths = (
				"${PODS_PODFILE_DIR_PATH}/Podfile.lock",
				"${PODS_ROOT}/Manifest.lock",
			);
			name = "[CP] Check Pods Manifest.lock";
			outputPaths = (
				"$(DERIVED_FILE_DIR)/Pods-flixTests-checkManifestLockResult.txt",
			);
			runOnlyForDeploymentPostprocessing = 0;
			shellPath = /bin/sh;
			shellScript = "diff \"${PODS_PODFILE_DIR_PATH}/Podfile.lock\" \"${PODS_ROOT}/Manifest.lock\" > /dev/null\nif [ $? != 0 ] ; then\n    # print error to STDERR\n    echo \"error: The sandbox is not in sync with the Podfile.lock. Run 'pod install' or update your CocoaPods installation.\" >&2\n    exit 1\nfi\n# This output is used by Xcode 'outputs' to avoid re-running this script phase.\necho \"SUCCESS\" > \"${SCRIPT_OUTPUT_FILE_0}\"\n";
			showEnvVarsInLog = 0;
		};
		58A7ED289D8702FD4FB4CAAB /* [CP] Embed Pods Frameworks */ = {
			isa = PBXShellScriptBuildPhase;
			buildActionMask = 2147483647;
			files = (
			);
			inputPaths = (
				"${SRCROOT}/Pods/Target Support Files/Pods-flix/Pods-flix-frameworks.sh",
				"${BUILT_PRODUCTS_DIR}/Alamofire/Alamofire.framework",
				"${BUILT_PRODUCTS_DIR}/AlamofireImage/AlamofireImage.framework",
			);
			name = "[CP] Embed Pods Frameworks";
			outputPaths = (
				"${TARGET_BUILD_DIR}/${FRAMEWORKS_FOLDER_PATH}/Alamofire.framework",
				"${TARGET_BUILD_DIR}/${FRAMEWORKS_FOLDER_PATH}/AlamofireImage.framework",
			);
			runOnlyForDeploymentPostprocessing = 0;
			shellPath = /bin/sh;
			shellScript = "\"${SRCROOT}/Pods/Target Support Files/Pods-flix/Pods-flix-frameworks.sh\"\n";
			showEnvVarsInLog = 0;
		};
		77EC4FC03B01876DCC270DC4 /* [CP] Check Pods Manifest.lock */ = {
			isa = PBXShellScriptBuildPhase;
			buildActionMask = 2147483647;
			files = (
			);
			inputPaths = (
				"${PODS_PODFILE_DIR_PATH}/Podfile.lock",
				"${PODS_ROOT}/Manifest.lock",
			);
			name = "[CP] Check Pods Manifest.lock";
			outputPaths = (
				"$(DERIVED_FILE_DIR)/Pods-flix-checkManifestLockResult.txt",
			);
			runOnlyForDeploymentPostprocessing = 0;
			shellPath = /bin/sh;
			shellScript = "diff \"${PODS_PODFILE_DIR_PATH}/Podfile.lock\" \"${PODS_ROOT}/Manifest.lock\" > /dev/null\nif [ $? != 0 ] ; then\n    # print error to STDERR\n    echo \"error: The sandbox is not in sync with the Podfile.lock. Run 'pod install' or update your CocoaPods installation.\" >&2\n    exit 1\nfi\n# This output is used by Xcode 'outputs' to avoid re-running this script phase.\necho \"SUCCESS\" > \"${SCRIPT_OUTPUT_FILE_0}\"\n";
			showEnvVarsInLog = 0;
		};
		7BFCFE9F8C50346BB2E6FBE4 /* [CP] Copy Pods Resources */ = {
			isa = PBXShellScriptBuildPhase;
			buildActionMask = 2147483647;
			files = (
			);
			inputPaths = (
			);
			name = "[CP] Copy Pods Resources";
			outputPaths = (
			);
			runOnlyForDeploymentPostprocessing = 0;
			shellPath = /bin/sh;
			shellScript = "\"${SRCROOT}/Pods/Target Support Files/Pods-flixUITests/Pods-flixUITests-resources.sh\"\n";
			showEnvVarsInLog = 0;
		};
		A8883A6524004233748A1136 /* [CP] Check Pods Manifest.lock */ = {
			isa = PBXShellScriptBuildPhase;
			buildActionMask = 2147483647;
			files = (
			);
			inputPaths = (
				"${PODS_PODFILE_DIR_PATH}/Podfile.lock",
				"${PODS_ROOT}/Manifest.lock",
			);
			name = "[CP] Check Pods Manifest.lock";
			outputPaths = (
				"$(DERIVED_FILE_DIR)/Pods-flixUITests-checkManifestLockResult.txt",
			);
			runOnlyForDeploymentPostprocessing = 0;
			shellPath = /bin/sh;
			shellScript = "diff \"${PODS_PODFILE_DIR_PATH}/Podfile.lock\" \"${PODS_ROOT}/Manifest.lock\" > /dev/null\nif [ $? != 0 ] ; then\n    # print error to STDERR\n    echo \"error: The sandbox is not in sync with the Podfile.lock. Run 'pod install' or update your CocoaPods installation.\" >&2\n    exit 1\nfi\n# This output is used by Xcode 'outputs' to avoid re-running this script phase.\necho \"SUCCESS\" > \"${SCRIPT_OUTPUT_FILE_0}\"\n";
			showEnvVarsInLog = 0;
		};
		D6D552B6EBDB60CEC99618A7 /* [CP] Embed Pods Frameworks */ = {
			isa = PBXShellScriptBuildPhase;
			buildActionMask = 2147483647;
			files = (
			);
			inputPaths = (
			);
			name = "[CP] Embed Pods Frameworks";
			outputPaths = (
			);
			runOnlyForDeploymentPostprocessing = 0;
			shellPath = /bin/sh;
			shellScript = "\"${SRCROOT}/Pods/Target Support Files/Pods-flixUITests/Pods-flixUITests-frameworks.sh\"\n";
			showEnvVarsInLog = 0;
		};
/* End PBXShellScriptBuildPhase section */

/* Begin PBXSourcesBuildPhase section */
		447721EF2026EF7400780947 /* Sources */ = {
			isa = PBXSourcesBuildPhase;
			buildActionMask = 2147483647;
			files = (
				447722252026F76A00780947 /* NowPlayingViewController.swift in Sources */,
				4444CF8E203247B300DEAD7E /* PosterCell.swift in Sources */,
				4444CF902032487600DEAD7E /* SuperheroViewController.swift in Sources */,
				FFF128182047C24C004FFC28 /* MovieApiManager.swift in Sources */,
				447721F72026EF7400780947 /* AppDelegate.swift in Sources */,
				4444CF922032698300DEAD7E /* PosterDetailViewController.swift in Sources */,
				4477222720270F3400780947 /* MovieCell.swift in Sources */,
				FFF128162047B9BD004FFC28 /* Movie.swift in Sources */,
				44F588DC202A89500046EA80 /* DetailViewController.swift in Sources */,
			);
			runOnlyForDeploymentPostprocessing = 0;
		};
		447722032026EF7400780947 /* Sources */ = {
			isa = PBXSourcesBuildPhase;
			buildActionMask = 2147483647;
			files = (
				4477220C2026EF7400780947 /* flixTests.swift in Sources */,
			);
			runOnlyForDeploymentPostprocessing = 0;
		};
		4477220E2026EF7400780947 /* Sources */ = {
			isa = PBXSourcesBuildPhase;
			buildActionMask = 2147483647;
			files = (
				447722172026EF7400780947 /* flixUITests.swift in Sources */,
			);
			runOnlyForDeploymentPostprocessing = 0;
		};
/* End PBXSourcesBuildPhase section */

/* Begin PBXTargetDependency section */
		447722092026EF7400780947 /* PBXTargetDependency */ = {
			isa = PBXTargetDependency;
			target = 447721F22026EF7400780947 /* flix */;
			targetProxy = 447722082026EF7400780947 /* PBXContainerItemProxy */;
		};
		447722142026EF7400780947 /* PBXTargetDependency */ = {
			isa = PBXTargetDependency;
			target = 447721F22026EF7400780947 /* flix */;
			targetProxy = 447722132026EF7400780947 /* PBXContainerItemProxy */;
		};
/* End PBXTargetDependency section */

/* Begin PBXVariantGroup section */
		447721FA2026EF7400780947 /* Main.storyboard */ = {
			isa = PBXVariantGroup;
			children = (
				447721FB2026EF7400780947 /* Base */,
			);
			name = Main.storyboard;
			sourceTree = "<group>";
		};
		447721FF2026EF7400780947 /* LaunchScreen.storyboard */ = {
			isa = PBXVariantGroup;
			children = (
				447722002026EF7400780947 /* Base */,
			);
			name = LaunchScreen.storyboard;
			sourceTree = "<group>";
		};
/* End PBXVariantGroup section */

/* Begin XCBuildConfiguration section */
		447722192026EF7400780947 /* Debug */ = {
			isa = XCBuildConfiguration;
			buildSettings = {
				ALWAYS_SEARCH_USER_PATHS = NO;
				CLANG_ANALYZER_NONNULL = YES;
				CLANG_ANALYZER_NUMBER_OBJECT_CONVERSION = YES_AGGRESSIVE;
				CLANG_CXX_LANGUAGE_STANDARD = "gnu++14";
				CLANG_CXX_LIBRARY = "libc++";
				CLANG_ENABLE_MODULES = YES;
				CLANG_ENABLE_OBJC_ARC = YES;
				CLANG_WARN_BLOCK_CAPTURE_AUTORELEASING = YES;
				CLANG_WARN_BOOL_CONVERSION = YES;
				CLANG_WARN_COMMA = YES;
				CLANG_WARN_CONSTANT_CONVERSION = YES;
				CLANG_WARN_DIRECT_OBJC_ISA_USAGE = YES_ERROR;
				CLANG_WARN_DOCUMENTATION_COMMENTS = YES;
				CLANG_WARN_EMPTY_BODY = YES;
				CLANG_WARN_ENUM_CONVERSION = YES;
				CLANG_WARN_INFINITE_RECURSION = YES;
				CLANG_WARN_INT_CONVERSION = YES;
				CLANG_WARN_NON_LITERAL_NULL_CONVERSION = YES;
				CLANG_WARN_OBJC_LITERAL_CONVERSION = YES;
				CLANG_WARN_OBJC_ROOT_CLASS = YES_ERROR;
				CLANG_WARN_RANGE_LOOP_ANALYSIS = YES;
				CLANG_WARN_STRICT_PROTOTYPES = YES;
				CLANG_WARN_SUSPICIOUS_MOVE = YES;
				CLANG_WARN_UNGUARDED_AVAILABILITY = YES_AGGRESSIVE;
				CLANG_WARN_UNREACHABLE_CODE = YES;
				CLANG_WARN__DUPLICATE_METHOD_MATCH = YES;
				CODE_SIGN_IDENTITY = "iPhone Developer";
				COPY_PHASE_STRIP = NO;
				DEBUG_INFORMATION_FORMAT = dwarf;
				ENABLE_STRICT_OBJC_MSGSEND = YES;
				ENABLE_TESTABILITY = YES;
				GCC_C_LANGUAGE_STANDARD = gnu11;
				GCC_DYNAMIC_NO_PIC = NO;
				GCC_NO_COMMON_BLOCKS = YES;
				GCC_OPTIMIZATION_LEVEL = 0;
				GCC_PREPROCESSOR_DEFINITIONS = (
					"DEBUG=1",
					"$(inherited)",
				);
				GCC_WARN_64_TO_32_BIT_CONVERSION = YES;
				GCC_WARN_ABOUT_RETURN_TYPE = YES_ERROR;
				GCC_WARN_UNDECLARED_SELECTOR = YES;
				GCC_WARN_UNINITIALIZED_AUTOS = YES_AGGRESSIVE;
				GCC_WARN_UNUSED_FUNCTION = YES;
				GCC_WARN_UNUSED_VARIABLE = YES;
				IPHONEOS_DEPLOYMENT_TARGET = 11.2;
				MTL_ENABLE_DEBUG_INFO = YES;
				ONLY_ACTIVE_ARCH = YES;
				SDKROOT = iphoneos;
				SWIFT_ACTIVE_COMPILATION_CONDITIONS = DEBUG;
				SWIFT_OPTIMIZATION_LEVEL = "-Onone";
			};
			name = Debug;
		};
		4477221A2026EF7400780947 /* Release */ = {
			isa = XCBuildConfiguration;
			buildSettings = {
				ALWAYS_SEARCH_USER_PATHS = NO;
				CLANG_ANALYZER_NONNULL = YES;
				CLANG_ANALYZER_NUMBER_OBJECT_CONVERSION = YES_AGGRESSIVE;
				CLANG_CXX_LANGUAGE_STANDARD = "gnu++14";
				CLANG_CXX_LIBRARY = "libc++";
				CLANG_ENABLE_MODULES = YES;
				CLANG_ENABLE_OBJC_ARC = YES;
				CLANG_WARN_BLOCK_CAPTURE_AUTORELEASING = YES;
				CLANG_WARN_BOOL_CONVERSION = YES;
				CLANG_WARN_COMMA = YES;
				CLANG_WARN_CONSTANT_CONVERSION = YES;
				CLANG_WARN_DIRECT_OBJC_ISA_USAGE = YES_ERROR;
				CLANG_WARN_DOCUMENTATION_COMMENTS = YES;
				CLANG_WARN_EMPTY_BODY = YES;
				CLANG_WARN_ENUM_CONVERSION = YES;
				CLANG_WARN_INFINITE_RECURSION = YES;
				CLANG_WARN_INT_CONVERSION = YES;
				CLANG_WARN_NON_LITERAL_NULL_CONVERSION = YES;
				CLANG_WARN_OBJC_LITERAL_CONVERSION = YES;
				CLANG_WARN_OBJC_ROOT_CLASS = YES_ERROR;
				CLANG_WARN_RANGE_LOOP_ANALYSIS = YES;
				CLANG_WARN_STRICT_PROTOTYPES = YES;
				CLANG_WARN_SUSPICIOUS_MOVE = YES;
				CLANG_WARN_UNGUARDED_AVAILABILITY = YES_AGGRESSIVE;
				CLANG_WARN_UNREACHABLE_CODE = YES;
				CLANG_WARN__DUPLICATE_METHOD_MATCH = YES;
				CODE_SIGN_IDENTITY = "iPhone Developer";
				COPY_PHASE_STRIP = NO;
				DEBUG_INFORMATION_FORMAT = "dwarf-with-dsym";
				ENABLE_NS_ASSERTIONS = NO;
				ENABLE_STRICT_OBJC_MSGSEND = YES;
				GCC_C_LANGUAGE_STANDARD = gnu11;
				GCC_NO_COMMON_BLOCKS = YES;
				GCC_WARN_64_TO_32_BIT_CONVERSION = YES;
				GCC_WARN_ABOUT_RETURN_TYPE = YES_ERROR;
				GCC_WARN_UNDECLARED_SELECTOR = YES;
				GCC_WARN_UNINITIALIZED_AUTOS = YES_AGGRESSIVE;
				GCC_WARN_UNUSED_FUNCTION = YES;
				GCC_WARN_UNUSED_VARIABLE = YES;
				IPHONEOS_DEPLOYMENT_TARGET = 11.2;
				MTL_ENABLE_DEBUG_INFO = NO;
				SDKROOT = iphoneos;
				SWIFT_OPTIMIZATION_LEVEL = "-Owholemodule";
				VALIDATE_PRODUCT = YES;
			};
			name = Release;
		};
		4477221C2026EF7400780947 /* Debug */ = {
			isa = XCBuildConfiguration;
			baseConfigurationReference = EE8E8C4E704334BF38ED31B5 /* Pods-flix.debug.xcconfig */;
			buildSettings = {
				ASSETCATALOG_COMPILER_APPICON_NAME = AppIcon;
				CODE_SIGN_STYLE = Automatic;
				INFOPLIST_FILE = flix/Info.plist;
				LD_RUNPATH_SEARCH_PATHS = "$(inherited) @executable_path/Frameworks";
				PRODUCT_BUNDLE_IDENTIFIER = com.codepath.flix;
				PRODUCT_NAME = "$(TARGET_NAME)";
				SWIFT_VERSION = 4.0;
				TARGETED_DEVICE_FAMILY = "1,2";
			};
			name = Debug;
		};
		4477221D2026EF7400780947 /* Release */ = {
			isa = XCBuildConfiguration;
			baseConfigurationReference = 3C96CB96BDCFB7FE379A9937 /* Pods-flix.release.xcconfig */;
			buildSettings = {
				ASSETCATALOG_COMPILER_APPICON_NAME = AppIcon;
				CODE_SIGN_STYLE = Automatic;
				INFOPLIST_FILE = flix/Info.plist;
				LD_RUNPATH_SEARCH_PATHS = "$(inherited) @executable_path/Frameworks";
				PRODUCT_BUNDLE_IDENTIFIER = com.codepath.flix;
				PRODUCT_NAME = "$(TARGET_NAME)";
				SWIFT_VERSION = 4.0;
				TARGETED_DEVICE_FAMILY = "1,2";
			};
			name = Release;
		};
		4477221F2026EF7400780947 /* Debug */ = {
			isa = XCBuildConfiguration;
			baseConfigurationReference = 3D202B222AF7D1E9134D4EF5 /* Pods-flixTests.debug.xcconfig */;
			buildSettings = {
				ALWAYS_EMBED_SWIFT_STANDARD_LIBRARIES = YES;
				BUNDLE_LOADER = "$(TEST_HOST)";
				CODE_SIGN_STYLE = Automatic;
				INFOPLIST_FILE = flixTests/Info.plist;
				LD_RUNPATH_SEARCH_PATHS = "$(inherited) @executable_path/Frameworks @loader_path/Frameworks";
				PRODUCT_BUNDLE_IDENTIFIER = com.codepath.flixTests;
				PRODUCT_NAME = "$(TARGET_NAME)";
				SWIFT_VERSION = 4.0;
				TARGETED_DEVICE_FAMILY = "1,2";
				TEST_HOST = "$(BUILT_PRODUCTS_DIR)/flix.app/flix";
			};
			name = Debug;
		};
		447722202026EF7400780947 /* Release */ = {
			isa = XCBuildConfiguration;
			baseConfigurationReference = 202425FE70C0A25218EC1A0F /* Pods-flixTests.release.xcconfig */;
			buildSettings = {
				ALWAYS_EMBED_SWIFT_STANDARD_LIBRARIES = YES;
				BUNDLE_LOADER = "$(TEST_HOST)";
				CODE_SIGN_STYLE = Automatic;
				INFOPLIST_FILE = flixTests/Info.plist;
				LD_RUNPATH_SEARCH_PATHS = "$(inherited) @executable_path/Frameworks @loader_path/Frameworks";
				PRODUCT_BUNDLE_IDENTIFIER = com.codepath.flixTests;
				PRODUCT_NAME = "$(TARGET_NAME)";
				SWIFT_VERSION = 4.0;
				TARGETED_DEVICE_FAMILY = "1,2";
				TEST_HOST = "$(BUILT_PRODUCTS_DIR)/flix.app/flix";
			};
			name = Release;
		};
		447722222026EF7400780947 /* Debug */ = {
			isa = XCBuildConfiguration;
			baseConfigurationReference = 4F47180F7C8C75DA341DA5D9 /* Pods-flixUITests.debug.xcconfig */;
			buildSettings = {
				ALWAYS_EMBED_SWIFT_STANDARD_LIBRARIES = YES;
				CODE_SIGN_STYLE = Automatic;
				INFOPLIST_FILE = flixUITests/Info.plist;
				LD_RUNPATH_SEARCH_PATHS = "$(inherited) @executable_path/Frameworks @loader_path/Frameworks";
				PRODUCT_BUNDLE_IDENTIFIER = com.codepath.flixUITests;
				PRODUCT_NAME = "$(TARGET_NAME)";
				SWIFT_VERSION = 4.0;
				TARGETED_DEVICE_FAMILY = "1,2";
				TEST_TARGET_NAME = flix;
			};
			name = Debug;
		};
		447722232026EF7400780947 /* Release */ = {
			isa = XCBuildConfiguration;
			baseConfigurationReference = C873E232907094F01675B6E9 /* Pods-flixUITests.release.xcconfig */;
			buildSettings = {
				ALWAYS_EMBED_SWIFT_STANDARD_LIBRARIES = YES;
				CODE_SIGN_STYLE = Automatic;
				INFOPLIST_FILE = flixUITests/Info.plist;
				LD_RUNPATH_SEARCH_PATHS = "$(inherited) @executable_path/Frameworks @loader_path/Frameworks";
				PRODUCT_BUNDLE_IDENTIFIER = com.codepath.flixUITests;
				PRODUCT_NAME = "$(TARGET_NAME)";
				SWIFT_VERSION = 4.0;
				TARGETED_DEVICE_FAMILY = "1,2";
				TEST_TARGET_NAME = flix;
			};
			name = Release;
		};
/* End XCBuildConfiguration section */

/* Begin XCConfigurationList section */
		447721EE2026EF7300780947 /* Build configuration list for PBXProject "flix" */ = {
			isa = XCConfigurationList;
			buildConfigurations = (
				447722192026EF7400780947 /* Debug */,
				4477221A2026EF7400780947 /* Release */,
			);
			defaultConfigurationIsVisible = 0;
			defaultConfigurationName = Release;
		};
		4477221B2026EF7400780947 /* Build configuration list for PBXNativeTarget "flix" */ = {
			isa = XCConfigurationList;
			buildConfigurations = (
				4477221C2026EF7400780947 /* Debug */,
				4477221D2026EF7400780947 /* Release */,
			);
			defaultConfigurationIsVisible = 0;
			defaultConfigurationName = Release;
		};
		4477221E2026EF7400780947 /* Build configuration list for PBXNativeTarget "flixTests" */ = {
			isa = XCConfigurationList;
			buildConfigurations = (
				4477221F2026EF7400780947 /* Debug */,
				447722202026EF7400780947 /* Release */,
			);
			defaultConfigurationIsVisible = 0;
			defaultConfigurationName = Release;
		};
		447722212026EF7400780947 /* Build configuration list for PBXNativeTarget "flixUITests" */ = {
			isa = XCConfigurationList;
			buildConfigurations = (
				447722222026EF7400780947 /* Debug */,
				447722232026EF7400780947 /* Release */,
			);
			defaultConfigurationIsVisible = 0;
			defaultConfigurationName = Release;
		};
/* End XCConfigurationList section */
	};
	rootObject = 447721EB2026EF7300780947 /* Project object */;
}
